
Microsoft Visual Studio Solution File, Format Version 12.00
# Visual Studio Version 16
VisualStudioVersion = 16.0.28803.202
MinimumVisualStudioVersion = 10.0.40219.1
Project("{9A19103F-16F7-4668-BE54-9A1E7A4F7556}") = "Brimma.LOSService", "Brimma.LOSService\Brimma.LOSService.csproj", "{F10F6253-F016-46C0-8EEF-B81893AF9BA8}"
EndProject
Project("{9A19103F-16F7-4668-BE54-9A1E7A4F7556}") = "Brimma.LOSService.DTO", "Brimma.LOSService.DTO\Brimma.LOSService.DTO.csproj", "{A8B15F25-27F7-4874-8C75-77D4C2C1DD13}"
EndProject
Project("{9A19103F-16F7-4668-BE54-9A1E7A4F7556}") = "Brimma.LOSService.Common", "Brimma.LOSService.Common\Brimma.LOSService.Common.csproj", "{DFB801DF-B1BA-426E-A9D5-2F27CF8D6730}"
EndProject
Global
	GlobalSection(SolutionConfigurationPlatforms) = preSolution
		Debug|Any CPU = Debug|Any CPU
		Release|Any CPU = Release|Any CPU
	EndGlobalSection
	GlobalSection(ProjectConfigurationPlatforms) = postSolution
		{F10F6253-F016-46C0-8EEF-B81893AF9BA8}.Debug|Any CPU.ActiveCfg = Debug|Any CPU
		{F10F6253-F016-46C0-8EEF-B81893AF9BA8}.Debug|Any CPU.Build.0 = Debug|Any CPU
		{F10F6253-F016-46C0-8EEF-B81893AF9BA8}.Release|Any CPU.ActiveCfg = Release|Any CPU
		{F10F6253-F016-46C0-8EEF-B81893AF9BA8}.Release|Any CPU.Build.0 = Release|Any CPU
		{A8B15F25-27F7-4874-8C75-77D4C2C1DD13}.Debug|Any CPU.ActiveCfg = Debug|Any CPU
		{A8B15F25-27F7-4874-8C75-77D4C2C1DD13}.Debug|Any CPU.Build.0 = Debug|Any CPU
		{A8B15F25-27F7-4874-8C75-77D4C2C1DD13}.Release|Any CPU.ActiveCfg = Release|Any CPU
		{A8B15F25-27F7-4874-8C75-77D4C2C1DD13}.Release|Any CPU.Build.0 = Release|Any CPU
		{DFB801DF-B1BA-426E-A9D5-2F27CF8D6730}.Debug|Any CPU.ActiveCfg = Debug|Any CPU
		{DFB801DF-B1BA-426E-A9D5-2F27CF8D6730}.Debug|Any CPU.Build.0 = Debug|Any CPU
		{DFB801DF-B1BA-426E-A9D5-2F27CF8D6730}.Release|Any CPU.ActiveCfg = Release|Any CPU
		{DFB801DF-B1BA-426E-A9D5-2F27CF8D6730}.Release|Any CPU.Build.0 = Release|Any CPU
	EndGlobalSection
	GlobalSection(SolutionProperties) = preSolution
		HideSolutionNode = FALSE
	EndGlobalSection
	GlobalSection(ExtensibilityGlobals) = postSolution
		SolutionGuid = {E0C53080-D820-457B-B727-22C99612D0DE}
	EndGlobalSection
EndGlobal
